<?xml version="1.0"?>
<Project ToolsVersion="4.0" xmlns="http://schemas.microsoft.com/developer/msbuild/2003">
	<ItemGroup>
		<ClCompile Include="src\ofApp.cpp">
			<Filter>src</Filter>
		</ClCompile>
		<ClCompile Include="src\main.cpp">
			<Filter>src</Filter>
		</ClCompile>
		<ClCompile Include="..\..\..\addons\ofxCsv-master\src\ofxCsv.cpp">
			<Filter>addons\ofxCsv-master\src</Filter>
		</ClCompile>
		<ClCompile Include="..\..\..\addons\ofxCsv-master\src\ofxCsvRow.cpp">
			<Filter>addons\ofxCsv-master\src</Filter>
		</ClCompile>
		<ClCompile Include="..\..\..\addons\ofxGKUtils\src\ofxGKUtils.cpp">
			<Filter>addons\ofxGKUtils\src</Filter>
		</ClCompile>
		<ClCompile Include="..\..\..\addons\ofxGui\src\ofxBaseGui.cpp">
			<Filter>addons\ofxGui\src</Filter>
		</ClCompile>
		<ClCompile Include="..\..\..\addons\ofxGui\src\ofxButton.cpp">
			<Filter>addons\ofxGui\src</Filter>
		</ClCompile>
		<ClCompile Include="..\..\..\addons\ofxGui\src\ofxColorPicker.cpp">
			<Filter>addons\ofxGui\src</Filter>
		</ClCompile>
		<ClCompile Include="..\..\..\addons\ofxGui\src\ofxGuiGroup.cpp">
			<Filter>addons\ofxGui\src</Filter>
		</ClCompile>
		<ClCompile Include="..\..\..\addons\ofxGui\src\ofxInputField.cpp">
			<Filter>addons\ofxGui\src</Filter>
		</ClCompile>
		<ClCompile Include="..\..\..\addons\ofxGui\src\ofxLabel.cpp">
			<Filter>addons\ofxGui\src</Filter>
		</ClCompile>
		<ClCompile Include="..\..\..\addons\ofxGui\src\ofxPanel.cpp">
			<Filter>addons\ofxGui\src</Filter>
		</ClCompile>
		<ClCompile Include="..\..\..\addons\ofxGui\src\ofxSlider.cpp">
			<Filter>addons\ofxGui\src</Filter>
		</ClCompile>
		<ClCompile Include="..\..\..\addons\ofxGui\src\ofxSliderGroup.cpp">
			<Filter>addons\ofxGui\src</Filter>
		</ClCompile>
		<ClCompile Include="..\..\..\addons\ofxGui\src\ofxToggle.cpp">
			<Filter>addons\ofxGui\src</Filter>
		</ClCompile>
	</ItemGroup>
	<ItemGroup>
		<Filter Include="src">
			<UniqueIdentifier>{d8376475-7454-4a24-b08a-aac121d3ad6f}</UniqueIdentifier>
		</Filter>
		<Filter Include="addons">
			<UniqueIdentifier>{71834F65-F3A9-211E-73B8-DC85}</UniqueIdentifier>
		</Filter>
		<Filter Include="addons\ofxCsv-master">
			<UniqueIdentifier>{C431DF2C-33B1-21EE-3CD2-DC9B}</UniqueIdentifier>
		</Filter>
		<Filter Include="addons\ofxCsv-master\src">
			<UniqueIdentifier>{35597847-B952-D830-6991-CCC0}</UniqueIdentifier>
		</Filter>
		<Filter Include="addons\ofxGKUtils">
			<UniqueIdentifier>{C1B368EE-FBF2-7113-D368-2AD3}</UniqueIdentifier>
		</Filter>
		<Filter Include="addons\ofxGKUtils\src">
			<UniqueIdentifier>{2D05EAB6-6705-1220-C579-3E7E}</UniqueIdentifier>
		</Filter>
		<Filter Include="addons\ofxGKUtils\src\gui">
			<UniqueIdentifier>{32359672-A33F-DABA-4AD2-FBE2}</UniqueIdentifier>
		</Filter>
		<Filter Include="addons\ofxGui">
			<UniqueIdentifier>{4F2A59AF-5F4E-704B-D067-EC13}</UniqueIdentifier>
		</Filter>
		<Filter Include="addons\ofxGui\src">
			<UniqueIdentifier>{645E9533-4DCD-6179-1CDF-CB65}</UniqueIdentifier>
		</Filter>
	</ItemGroup>
	<ItemGroup>
		<ClInclude Include="src\ofApp.h">
			<Filter>src</Filter>
		</ClInclude>
		<ClInclude Include="..\..\..\addons\ofxCsv-master\src\ofxCsv.h">
			<Filter>addons\ofxCsv-master\src</Filter>
		</ClInclude>
		<ClInclude Include="..\..\..\addons\ofxCsv-master\src\ofxCsvRow.h">
			<Filter>addons\ofxCsv-master\src</Filter>
		</ClInclude>
		<ClInclude Include="..\..\..\addons\ofxGKUtils\src\Easing.h">
			<Filter>addons\ofxGKUtils\src</Filter>
		</ClInclude>
		<ClInclude Include="..\..\..\addons\ofxGKUtils\src\GKLineSimple.h">
			<Filter>addons\ofxGKUtils\src</Filter>
		</ClInclude>
		<ClInclude Include="..\..\..\addons\ofxGKUtils\src\GKPlane.h">
			<Filter>addons\ofxGKUtils\src</Filter>
		</ClInclude>
		<ClInclude Include="..\..\..\addons\ofxGKUtils\src\GKPoint.h">
			<Filter>addons\ofxGKUtils\src</Filter>
		</ClInclude>
		<ClInclude Include="..\..\..\addons\ofxGKUtils\src\gui\GKController2DTo3D.h">
			<Filter>addons\ofxGKUtils\src\gui</Filter>
		</ClInclude>
		<ClInclude Include="..\..\..\addons\ofxGKUtils\src\gui\GKControllerAngle.h">
			<Filter>addons\ofxGKUtils\src\gui</Filter>
		</ClInclude>
		<ClInclude Include="..\..\..\addons\ofxGKUtils\src\ofxGKUtils.h">
			<Filter>addons\ofxGKUtils\src</Filter>
		</ClInclude>
		<ClInclude Include="..\..\..\addons\ofxGui\src\ofxBaseGui.h">
			<Filter>addons\ofxGui\src</Filter>
		</ClInclude>
		<ClInclude Include="..\..\..\addons\ofxGui\src\ofxButton.h">
			<Filter>addons\ofxGui\src</Filter>
		</ClInclude>
		<ClInclude Include="..\..\..\addons\ofxGui\src\ofxColorPicker.h">
			<Filter>addons\ofxGui\src</Filter>
		</ClInclude>
		<ClInclude Include="..\..\..\addons\ofxGui\src\ofxGui.h">
			<Filter>addons\ofxGui\src</Filter>
		</ClInclude>
		<ClInclude Include="..\..\..\addons\ofxGui\src\ofxGuiGroup.h">
			<Filter>addons\ofxGui\src</Filter>
		</ClInclude>
		<ClInclude Include="..\..\..\addons\ofxGui\src\ofxGuiUtils.h">
			<Filter>addons\ofxGui\src</Filter>
		</ClInclude>
		<ClInclude Include="..\..\..\addons\ofxGui\src\ofxInputField.h">
			<Filter>addons\ofxGui\src</Filter>
		</ClInclude>
		<ClInclude Include="..\..\..\addons\ofxGui\src\ofxLabel.h">
			<Filter>addons\ofxGui\src</Filter>
		</ClInclude>
		<ClInclude Include="..\..\..\addons\ofxGui\src\ofxPanel.h">
			<Filter>addons\ofxGui\src</Filter>
		</ClInclude>
		<ClInclude Include="..\..\..\addons\ofxGui\src\ofxSlider.h">
			<Filter>addons\ofxGui\src</Filter>
		</ClInclude>
		<ClInclude Include="..\..\..\addons\ofxGui\src\ofxSliderGroup.h">
			<Filter>addons\ofxGui\src</Filter>
		</ClInclude>
		<ClInclude Include="..\..\..\addons\ofxGui\src\ofxToggle.h">
			<Filter>addons\ofxGui\src</Filter>
		</ClInclude>
	</ItemGroup>
	<ItemGroup>
		<ResourceCompile Include="icon.rc" />
	</ItemGroup>
</Project>
